
Microsoft Visual Studio Solution File, Format Version 12.00
# Visual Studio Version 17
Project("{8BC9CEB8-8B4A-11D0-8D11-00A0C91BC942}") = "ALL_BUILD", "ALL_BUILD.vcxproj", "{EEA6F0CC-E16D-3CB1-8215-808DE67E1537}"
	ProjectSection(ProjectDependencies) = postProject
		{4D690FF5-6530-34EB-AAF4-87DBED6D8A27} = {4D690FF5-6530-34EB-AAF4-87DBED6D8A27}
		{189C4E11-BCF7-3665-B1FC-0FCEADB12657} = {189C4E11-BCF7-3665-B1FC-0FCEADB12657}
		{A129C04E-6390-344B-B357-396EE3981E7B} = {A129C04E-6390-344B-B357-396EE3981E7B}
	EndProjectSection
EndProject
Project("{8BC9CEB8-8B4A-11D0-8D11-00A0C91BC942}") = "LinearAlgebra", "LinearAlgebra.vcxproj", "{4D690FF5-6530-34EB-AAF4-87DBED6D8A27}"
	ProjectSection(ProjectDependencies) = postProject
		{A129C04E-6390-344B-B357-396EE3981E7B} = {A129C04E-6390-344B-B357-396EE3981E7B}
	EndProjectSection
EndProject
Project("{8BC9CEB8-8B4A-11D0-8D11-00A0C91BC942}") = "NumberSystems", "NumberSystems.vcxproj", "{189C4E11-BCF7-3665-B1FC-0FCEADB12657}"
	ProjectSection(ProjectDependencies) = postProject
		{A129C04E-6390-344B-B357-396EE3981E7B} = {A129C04E-6390-344B-B357-396EE3981E7B}
	EndProjectSection
EndProject
Project("{8BC9CEB8-8B4A-11D0-8D11-00A0C91BC942}") = "ZERO_CHECK", "ZERO_CHECK.vcxproj", "{A129C04E-6390-344B-B357-396EE3981E7B}"
	ProjectSection(ProjectDependencies) = postProject
	EndProjectSection
EndProject
Global
	GlobalSection(SolutionConfigurationPlatforms) = preSolution
		Debug|x64 = Debug|x64
		Release|x64 = Release|x64
		MinSizeRel|x64 = MinSizeRel|x64
		RelWithDebInfo|x64 = RelWithDebInfo|x64
	EndGlobalSection
	GlobalSection(ProjectConfigurationPlatforms) = postSolution
		{EEA6F0CC-E16D-3CB1-8215-808DE67E1537}.Debug|x64.ActiveCfg = Debug|x64
		{EEA6F0CC-E16D-3CB1-8215-808DE67E1537}.Release|x64.ActiveCfg = Release|x64
		{EEA6F0CC-E16D-3CB1-8215-808DE67E1537}.MinSizeRel|x64.ActiveCfg = MinSizeRel|x64
		{EEA6F0CC-E16D-3CB1-8215-808DE67E1537}.RelWithDebInfo|x64.ActiveCfg = RelWithDebInfo|x64
		{4D690FF5-6530-34EB-AAF4-87DBED6D8A27}.Debug|x64.ActiveCfg = Debug|x64
		{4D690FF5-6530-34EB-AAF4-87DBED6D8A27}.Debug|x64.Build.0 = Debug|x64
		{4D690FF5-6530-34EB-AAF4-87DBED6D8A27}.Release|x64.ActiveCfg = Release|x64
		{4D690FF5-6530-34EB-AAF4-87DBED6D8A27}.Release|x64.Build.0 = Release|x64
		{4D690FF5-6530-34EB-AAF4-87DBED6D8A27}.MinSizeRel|x64.ActiveCfg = MinSizeRel|x64
		{4D690FF5-6530-34EB-AAF4-87DBED6D8A27}.MinSizeRel|x64.Build.0 = MinSizeRel|x64
		{4D690FF5-6530-34EB-AAF4-87DBED6D8A27}.RelWithDebInfo|x64.ActiveCfg = RelWithDebInfo|x64
		{4D690FF5-6530-34EB-AAF4-87DBED6D8A27}.RelWithDebInfo|x64.Build.0 = RelWithDebInfo|x64
		{189C4E11-BCF7-3665-B1FC-0FCEADB12657}.Debug|x64.ActiveCfg = Debug|x64
		{189C4E11-BCF7-3665-B1FC-0FCEADB12657}.Debug|x64.Build.0 = Debug|x64
		{189C4E11-BCF7-3665-B1FC-0FCEADB12657}.Release|x64.ActiveCfg = Release|x64
		{189C4E11-BCF7-3665-B1FC-0FCEADB12657}.Release|x64.Build.0 = Release|x64
		{189C4E11-BCF7-3665-B1FC-0FCEADB12657}.MinSizeRel|x64.ActiveCfg = MinSizeRel|x64
		{189C4E11-BCF7-3665-B1FC-0FCEADB12657}.MinSizeRel|x64.Build.0 = MinSizeRel|x64
		{189C4E11-BCF7-3665-B1FC-0FCEADB12657}.RelWithDebInfo|x64.ActiveCfg = RelWithDebInfo|x64
		{189C4E11-BCF7-3665-B1FC-0FCEADB12657}.RelWithDebInfo|x64.Build.0 = RelWithDebInfo|x64
		{A129C04E-6390-344B-B357-396EE3981E7B}.Debug|x64.ActiveCfg = Debug|x64
		{A129C04E-6390-344B-B357-396EE3981E7B}.Debug|x64.Build.0 = Debug|x64
		{A129C04E-6390-344B-B357-396EE3981E7B}.Release|x64.ActiveCfg = Release|x64
		{A129C04E-6390-344B-B357-396EE3981E7B}.Release|x64.Build.0 = Release|x64
		{A129C04E-6390-344B-B357-396EE3981E7B}.MinSizeRel|x64.ActiveCfg = MinSizeRel|x64
		{A129C04E-6390-344B-B357-396EE3981E7B}.MinSizeRel|x64.Build.0 = MinSizeRel|x64
		{A129C04E-6390-344B-B357-396EE3981E7B}.RelWithDebInfo|x64.ActiveCfg = RelWithDebInfo|x64
		{A129C04E-6390-344B-B357-396EE3981E7B}.RelWithDebInfo|x64.Build.0 = RelWithDebInfo|x64
	EndGlobalSection
	GlobalSection(ExtensibilityGlobals) = postSolution
		SolutionGuid = {208F8B6A-083C-3B1B-9529-B3B57F8D3AB8}
	EndGlobalSection
	GlobalSection(ExtensibilityAddIns) = postSolution
	EndGlobalSection
EndGlobal
