<?xml version="1.0" encoding="utf-8"?>
<Project ToolsVersion="4.0" xmlns="http://schemas.microsoft.com/developer/msbuild/2003">
  <ItemGroup>
    <ClCompile Include="MatrixArithmetic.cpp" />
    <ClCompile Include="VectorArithmetic.cpp" />
    <ClCompile Include="pch.cpp">
      <Filter>BoilerPlate</Filter>
    </ClCompile>
    <ClCompile Include="MatrixStructural.cpp" />
    <ClCompile Include="Products.cpp" />
  </ItemGroup>
  <ItemGroup>
    <Filter Include="BoilerPlate">
      <UniqueIdentifier>{98a1112c-f3fc-4409-b2c4-c78e441ea768}</UniqueIdentifier>
    </Filter>
  </ItemGroup>
  <ItemGroup>
    <None Include="packages.config">
      <Filter>BoilerPlate</Filter>
    </None>
  </ItemGroup>
  <ItemGroup>
    <ClInclude Include="pch.h">
      <Filter>BoilerPlate</Filter>
    </ClInclude>
  </ItemGroup>
</Project>