<?xml version="1.0" encoding="utf-8"?>
<Project ToolsVersion="4.0" xmlns="http://schemas.microsoft.com/developer/msbuild/2003">
  <ItemGroup>
    <Filter Include="Source Files">
      <UniqueIdentifier>{4FC737F1-C7A5-4376-A066-2A32D752A2FF}</UniqueIdentifier>
      <Extensions>cpp;c;cc;cxx;c++;cppm;ixx;def;odl;idl;hpj;bat;asm;asmx</Extensions>
    </Filter>
    <Filter Include="Header Files">
      <UniqueIdentifier>{93995380-89BD-4b04-88EB-625FBE52EBFB}</UniqueIdentifier>
      <Extensions>h;hh;hpp;hxx;h++;hm;inl;inc;ipp;xsd</Extensions>
    </Filter>
    <Filter Include="Resource Files">
      <UniqueIdentifier>{67DA6AB6-F800-4c08-8B7A-83BB121AAD01}</UniqueIdentifier>
      <Extensions>rc;ico;cur;bmp;dlg;rc2;rct;bin;rgs;gif;jpg;jpeg;jpe;resx;tiff;tif;png;wav;mfcribbon-ms</Extensions>
    </Filter>
    <Filter Include="Header Files\VectorOperations">
      <UniqueIdentifier>{37ed9495-e582-4c79-8b4e-137448e7a271}</UniqueIdentifier>
    </Filter>
    <Filter Include="Header Files\Core Headers">
      <UniqueIdentifier>{fd2c51f3-a34d-440f-a5c9-f7d6c1d29515}</UniqueIdentifier>
    </Filter>
    <Filter Include="Header Files\MatrixOperations">
      <UniqueIdentifier>{284f37e0-3167-4c20-9963-8efa7dee5896}</UniqueIdentifier>
    </Filter>
  </ItemGroup>
  <ItemGroup>
    <ClInclude Include="Matrix.h">
      <Filter>Header Files</Filter>
    </ClInclude>
    <ClInclude Include="Vector.h">
      <Filter>Header Files</Filter>
    </ClInclude>
    <ClInclude Include="VectorAddition.h">
      <Filter>Header Files\VectorOperations</Filter>
    </ClInclude>
    <ClInclude Include="VectorSubtraction.h">
      <Filter>Header Files\VectorOperations</Filter>
    </ClInclude>
    <ClInclude Include="VectorNegation.h">
      <Filter>Header Files\VectorOperations</Filter>
    </ClInclude>
    <ClInclude Include="Core.h">
      <Filter>Header Files\Core Headers</Filter>
    </ClInclude>
    <ClInclude Include="fwd.h">
      <Filter>Header Files\Core Headers</Filter>
    </ClInclude>
    <ClInclude Include="Exceptions.h">
      <Filter>Header Files\Core Headers</Filter>
    </ClInclude>
    <ClInclude Include="VectorExpression.h">
      <Filter>Header Files</Filter>
    </ClInclude>
    <ClInclude Include="VecOps.h">
      <Filter>Header Files\Core Headers</Filter>
    </ClInclude>
    <ClInclude Include="VectorScalarProduct.h">
      <Filter>Header Files\VectorOperations</Filter>
    </ClInclude>
    <ClInclude Include="VectorScalarQuotient.h">
      <Filter>Header Files\VectorOperations</Filter>
    </ClInclude>
    <ClInclude Include="DotProduct.h">
      <Filter>Header Files\VectorOperations</Filter>
    </ClInclude>
    <ClInclude Include="EuclideanNorm.h">
      <Filter>Header Files\VectorOperations</Filter>
    </ClInclude>
    <ClInclude Include="MatrixAddition.h">
      <Filter>Header Files\MatrixOperations</Filter>
    </ClInclude>
    <ClInclude Include="MatOps.h">
      <Filter>Header Files\Core Headers</Filter>
    </ClInclude>
    <ClInclude Include="MatrixExpression.h">
      <Filter>Header Files</Filter>
    </ClInclude>
    <ClInclude Include="MatrixSubtraction.h">
      <Filter>Header Files\MatrixOperations</Filter>
    </ClInclude>
    <ClInclude Include="MatrixNegation.h">
      <Filter>Header Files\MatrixOperations</Filter>
    </ClInclude>
    <ClInclude Include="MatrixScalarProduct.h">
      <Filter>Header Files\MatrixOperations</Filter>
    </ClInclude>
    <ClInclude Include="MatrixScalarQuotient.h">
      <Filter>Header Files\MatrixOperations</Filter>
    </ClInclude>
  </ItemGroup>
</Project>