<?xml version="1.0" encoding="utf-8"?>
<Project ToolsVersion="4.0" xmlns="http://schemas.microsoft.com/developer/msbuild/2003">
  <ItemGroup>
    <Filter Include="Header Files">
      <UniqueIdentifier>{93995380-89BD-4b04-88EB-625FBE52EBFB}</UniqueIdentifier>
      <Extensions>h;hh;hpp;hxx;h++;hm;inl;inc;ipp;xsd</Extensions>
    </Filter>
    <Filter Include="Objects">
      <UniqueIdentifier>{7bcac444-98ca-4acc-9850-08e7cd17767f}</UniqueIdentifier>
    </Filter>
    <Filter Include="InnerProduct">
      <UniqueIdentifier>{b0b02883-d69c-4255-bd19-dfa5952c6b7a}</UniqueIdentifier>
    </Filter>
    <Filter Include="LU">
      <UniqueIdentifier>{9db56063-0c20-46fd-9938-50d1707c0cd0}</UniqueIdentifier>
    </Filter>
    <Filter Include="MatrixArithmetic">
      <UniqueIdentifier>{ea1e5969-baec-4a7d-a867-10b5432e1c66}</UniqueIdentifier>
    </Filter>
    <Filter Include="MatrixStructure">
      <UniqueIdentifier>{8f49d34b-de64-4da7-bdea-eca338c82abe}</UniqueIdentifier>
    </Filter>
    <Filter Include="VectorArithmetic">
      <UniqueIdentifier>{36ac20c8-3f0a-4db4-a55e-ad2cff877545}</UniqueIdentifier>
    </Filter>
    <Filter Include="MatrixStructure\SpecialMatrices">
      <UniqueIdentifier>{a2cff06f-bb59-4bca-b4e2-6f16bbbf52a8}</UniqueIdentifier>
    </Filter>
  </ItemGroup>
  <ItemGroup>
    <ClInclude Include="Core.h">
      <Filter>Header Files</Filter>
    </ClInclude>
    <ClInclude Include="Exceptions.h">
      <Filter>Header Files</Filter>
    </ClInclude>
    <ClInclude Include="headers\Fwd.h">
      <Filter>Header Files</Filter>
    </ClInclude>
    <ClInclude Include="headers\InnerProduct.h">
      <Filter>Header Files</Filter>
    </ClInclude>
    <ClInclude Include="headers\LU.h">
      <Filter>Header Files</Filter>
    </ClInclude>
    <ClInclude Include="headers\MatrixArithmetic.h">
      <Filter>Header Files</Filter>
    </ClInclude>
    <ClInclude Include="headers\MatrixStructure.h">
      <Filter>Header Files</Filter>
    </ClInclude>
    <ClInclude Include="headers\VectorArithmetic.h">
      <Filter>Header Files</Filter>
    </ClInclude>
    <ClInclude Include="src\Objects\Matrix.h">
      <Filter>Objects</Filter>
    </ClInclude>
    <ClInclude Include="src\Objects\MatrixBase.h">
      <Filter>Objects</Filter>
    </ClInclude>
    <ClInclude Include="src\Objects\Vector.h">
      <Filter>Objects</Filter>
    </ClInclude>
    <ClInclude Include="src\Objects\VectorBase.h">
      <Filter>Objects</Filter>
    </ClInclude>
    <ClInclude Include="src\InnerProduct\InnerProductOperations.h">
      <Filter>InnerProduct</Filter>
    </ClInclude>
    <ClInclude Include="src\InnerProduct\StandardInnerProduct.h">
      <Filter>InnerProduct</Filter>
    </ClInclude>
    <ClInclude Include="src\LU\FullLU.h">
      <Filter>LU</Filter>
    </ClInclude>
    <ClInclude Include="src\LU\LinearSystemSolver.h">
      <Filter>LU</Filter>
    </ClInclude>
    <ClInclude Include="src\LU\LUResult.h">
      <Filter>LU</Filter>
    </ClInclude>
    <ClInclude Include="src\LU\MatrixInverse.h">
      <Filter>LU</Filter>
    </ClInclude>
    <ClInclude Include="src\LU\PartialLU.h">
      <Filter>LU</Filter>
    </ClInclude>
    <ClInclude Include="src\MatrixArithmetic\MatrixAddition.h">
      <Filter>MatrixArithmetic</Filter>
    </ClInclude>
    <ClInclude Include="src\MatrixArithmetic\MatrixMultiplication.h">
      <Filter>MatrixArithmetic</Filter>
    </ClInclude>
    <ClInclude Include="src\MatrixArithmetic\MatrixNegation.h">
      <Filter>MatrixArithmetic</Filter>
    </ClInclude>
    <ClInclude Include="src\MatrixArithmetic\MatrixScalarProduct.h">
      <Filter>MatrixArithmetic</Filter>
    </ClInclude>
    <ClInclude Include="src\MatrixArithmetic\MatrixScalarQuotient.h">
      <Filter>MatrixArithmetic</Filter>
    </ClInclude>
    <ClInclude Include="src\MatrixArithmetic\MatrixSubtraction.h">
      <Filter>MatrixArithmetic</Filter>
    </ClInclude>
    <ClInclude Include="src\MatrixArithmetic\MatrixVectorProduct.h">
      <Filter>MatrixArithmetic</Filter>
    </ClInclude>
    <ClInclude Include="src\MatrixStructure\MatrixPermutation.h">
      <Filter>MatrixStructure</Filter>
    </ClInclude>
    <ClInclude Include="src\MatrixStructure\MatToVecConversions.h">
      <Filter>MatrixStructure</Filter>
    </ClInclude>
    <ClInclude Include="src\MatrixStructure\PlaceBlock.h">
      <Filter>MatrixStructure</Filter>
    </ClInclude>
    <ClInclude Include="src\MatrixStructure\Slice.h">
      <Filter>MatrixStructure</Filter>
    </ClInclude>
    <ClInclude Include="src\MatrixStructure\Trace.h">
      <Filter>MatrixStructure</Filter>
    </ClInclude>
    <ClInclude Include="src\MatrixStructure\Transpose.h">
      <Filter>MatrixStructure</Filter>
    </ClInclude>
    <ClInclude Include="src\MatrixStructure\VecToMatConversions.h">
      <Filter>MatrixStructure</Filter>
    </ClInclude>
    <ClInclude Include="src\MatrixStructure\SpecialMatrices\IdentityMatrix.h">
      <Filter>MatrixStructure\SpecialMatrices</Filter>
    </ClInclude>
    <ClInclude Include="src\MatrixStructure\SpecialMatrices\PermutationMatrix.h">
      <Filter>MatrixStructure\SpecialMatrices</Filter>
    </ClInclude>
    <ClInclude Include="src\MatrixStructure\SpecialMatrices\SquareMatrix.h">
      <Filter>MatrixStructure\SpecialMatrices</Filter>
    </ClInclude>
    <ClInclude Include="src\MatrixStructure\SpecialMatrices\SquareOps.h">
      <Filter>MatrixStructure\SpecialMatrices</Filter>
    </ClInclude>
    <ClInclude Include="src\VectorArithmetic\UnitVector.h">
      <Filter>VectorArithmetic</Filter>
    </ClInclude>
    <ClInclude Include="src\VectorArithmetic\VectorAddition.h">
      <Filter>VectorArithmetic</Filter>
    </ClInclude>
    <ClInclude Include="src\VectorArithmetic\VectorNegation.h">
      <Filter>VectorArithmetic</Filter>
    </ClInclude>
    <ClInclude Include="src\VectorArithmetic\VectorScalarProduct.h">
      <Filter>VectorArithmetic</Filter>
    </ClInclude>
    <ClInclude Include="src\VectorArithmetic\VectorScalarQuotient.h">
      <Filter>VectorArithmetic</Filter>
    </ClInclude>
    <ClInclude Include="src\VectorArithmetic\VectorSubtraction.h">
      <Filter>VectorArithmetic</Filter>
    </ClInclude>
  </ItemGroup>
</Project>