<?xml version="1.0" encoding="utf-8"?>
<Project ToolsVersion="4.0" xmlns="http://schemas.microsoft.com/developer/msbuild/2003">
  <ItemGroup>
    <Filter Include="Source Files">
      <UniqueIdentifier>{4FC737F1-C7A5-4376-A066-2A32D752A2FF}</UniqueIdentifier>
      <Extensions>cpp;c;cc;cxx;c++;cppm;ixx;def;odl;idl;hpj;bat;asm;asmx</Extensions>
    </Filter>
    <Filter Include="Header Files">
      <UniqueIdentifier>{93995380-89BD-4b04-88EB-625FBE52EBFB}</UniqueIdentifier>
      <Extensions>h;hh;hpp;hxx;h++;hm;inl;inc;ipp;xsd</Extensions>
    </Filter>
    <Filter Include="Resource Files">
      <UniqueIdentifier>{67DA6AB6-F800-4c08-8B7A-83BB121AAD01}</UniqueIdentifier>
      <Extensions>rc;ico;cur;bmp;dlg;rc2;rct;bin;rgs;gif;jpg;jpeg;jpe;resx;tiff;tif;png;wav;mfcribbon-ms</Extensions>
    </Filter>
    <Filter Include="Vector Operations">
      <UniqueIdentifier>{2198846b-33a1-4819-8c55-9e3bdbd12c48}</UniqueIdentifier>
    </Filter>
    <Filter Include="Matrix Operations">
      <UniqueIdentifier>{b6a86eb4-1a2c-41bf-9ebd-59360d82438d}</UniqueIdentifier>
    </Filter>
    <Filter Include="Matrix Structure">
      <UniqueIdentifier>{beea75e8-8179-4f8c-99f1-9a2b68a6ee40}</UniqueIdentifier>
    </Filter>
    <Filter Include="Objects">
      <UniqueIdentifier>{bb5c97b6-226b-43b4-97f4-84fc9a97aa83}</UniqueIdentifier>
    </Filter>
    <Filter Include="LU Decomposition">
      <UniqueIdentifier>{21cce888-f3fe-419f-b01d-891e44aeaf79}</UniqueIdentifier>
    </Filter>
  </ItemGroup>
  <ItemGroup>
    <ClInclude Include="Core.h">
      <Filter>Header Files</Filter>
    </ClInclude>
    <ClInclude Include="Exceptions.h">
      <Filter>Header Files</Filter>
    </ClInclude>
    <ClInclude Include="impl\Vector Arithmetic\DotProduct.h">
      <Filter>Vector Operations</Filter>
    </ClInclude>
    <ClInclude Include="impl\Vector Arithmetic\EuclideanNorm.h">
      <Filter>Vector Operations</Filter>
    </ClInclude>
    <ClInclude Include="impl\Vector Arithmetic\VecOps.h">
      <Filter>Vector Operations</Filter>
    </ClInclude>
    <ClInclude Include="impl\Vector Arithmetic\VectorAddition.h">
      <Filter>Vector Operations</Filter>
    </ClInclude>
    <ClInclude Include="impl\Vector Arithmetic\VectorNegation.h">
      <Filter>Vector Operations</Filter>
    </ClInclude>
    <ClInclude Include="impl\Vector Arithmetic\VectorScalarProduct.h">
      <Filter>Vector Operations</Filter>
    </ClInclude>
    <ClInclude Include="impl\Vector Arithmetic\VectorScalarQuotient.h">
      <Filter>Vector Operations</Filter>
    </ClInclude>
    <ClInclude Include="impl\Vector Arithmetic\VectorSubtraction.h">
      <Filter>Vector Operations</Filter>
    </ClInclude>
    <ClInclude Include="impl\Matrix Arithmetic\MatOps.h">
      <Filter>Matrix Operations</Filter>
    </ClInclude>
    <ClInclude Include="impl\Matrix Arithmetic\MatrixAddition.h">
      <Filter>Matrix Operations</Filter>
    </ClInclude>
    <ClInclude Include="impl\Matrix Arithmetic\MatrixMultiplication.h">
      <Filter>Matrix Operations</Filter>
    </ClInclude>
    <ClInclude Include="impl\Matrix Arithmetic\MatrixNegation.h">
      <Filter>Matrix Operations</Filter>
    </ClInclude>
    <ClInclude Include="impl\Matrix Arithmetic\MatrixScalarProduct.h">
      <Filter>Matrix Operations</Filter>
    </ClInclude>
    <ClInclude Include="impl\Matrix Arithmetic\MatrixScalarQuotient.h">
      <Filter>Matrix Operations</Filter>
    </ClInclude>
    <ClInclude Include="impl\Matrix Arithmetic\MatrixSubtraction.h">
      <Filter>Matrix Operations</Filter>
    </ClInclude>
    <ClInclude Include="impl\Matrix Arithmetic\MatrixVectorProduct.h">
      <Filter>Matrix Operations</Filter>
    </ClInclude>
    <ClInclude Include="impl\Matrix Structure\IdentityMatrix.h">
      <Filter>Matrix Structure</Filter>
    </ClInclude>
    <ClInclude Include="impl\Matrix Structure\MatrixPermutation.h">
      <Filter>Matrix Structure</Filter>
    </ClInclude>
    <ClInclude Include="impl\Matrix Structure\MatrixStructure.h">
      <Filter>Matrix Structure</Filter>
    </ClInclude>
    <ClInclude Include="impl\Matrix Structure\PermutationMatrix.h">
      <Filter>Matrix Structure</Filter>
    </ClInclude>
    <ClInclude Include="impl\Matrix Structure\PlaceBlock.h">
      <Filter>Matrix Structure</Filter>
    </ClInclude>
    <ClInclude Include="impl\Matrix Structure\Slice.h">
      <Filter>Matrix Structure</Filter>
    </ClInclude>
    <ClInclude Include="impl\Matrix Structure\SquareOps.h">
      <Filter>Matrix Structure</Filter>
    </ClInclude>
    <ClInclude Include="impl\Matrix Structure\Transpose.h">
      <Filter>Matrix Structure</Filter>
    </ClInclude>
    <ClInclude Include="impl\Objects\fwd.h">
      <Filter>Objects</Filter>
    </ClInclude>
    <ClInclude Include="impl\Objects\Matrix.h">
      <Filter>Objects</Filter>
    </ClInclude>
    <ClInclude Include="impl\Objects\MatrixBase.h">
      <Filter>Objects</Filter>
    </ClInclude>
    <ClInclude Include="impl\Objects\Vector.h">
      <Filter>Objects</Filter>
    </ClInclude>
    <ClInclude Include="impl\Objects\VectorBase.h">
      <Filter>Objects</Filter>
    </ClInclude>
    <ClInclude Include="impl\LU\PartialLU.h">
      <Filter>LU Decomposition</Filter>
    </ClInclude>
    <ClInclude Include="impl\LU\LUCore.h">
      <Filter>LU Decomposition</Filter>
    </ClInclude>
    <ClInclude Include="impl\LU\LUResult.h">
      <Filter>LU Decomposition</Filter>
    </ClInclude>
    <ClInclude Include="impl\Matrix Structure\MatToVecConversions.h">
      <Filter>Matrix Structure</Filter>
    </ClInclude>
    <ClInclude Include="impl\LU\LinearSystemSolver.h">
      <Filter>LU Decomposition</Filter>
    </ClInclude>
    <ClInclude Include="impl\Vector Arithmetic\UnitVector.h">
      <Filter>Vector Operations</Filter>
    </ClInclude>
    <ClInclude Include="impl\LU\MatrixInverse.h">
      <Filter>LU Decomposition</Filter>
    </ClInclude>
    <ClInclude Include="impl\Matrix Structure\VecToMatConversions.h">
      <Filter>Matrix Structure</Filter>
    </ClInclude>
    <ClInclude Include="impl\LU\FullLU.h">
      <Filter>LU Decomposition</Filter>
    </ClInclude>
  </ItemGroup>
</Project>