<?xml version="1.0" encoding="utf-8"?>
<Project ToolsVersion="4.0" xmlns="http://schemas.microsoft.com/developer/msbuild/2003">
  <ItemGroup>
    <Filter Include="Header Files">
      <UniqueIdentifier>{93995380-89BD-4b04-88EB-625FBE52EBFB}</UniqueIdentifier>
      <Extensions>h;hh;hpp;hxx;h++;hm;inl;inc;ipp;xsd</Extensions>
    </Filter>
    <Filter Include="Natural">
      <UniqueIdentifier>{3ca03602-440e-465d-a191-c93ed9add811}</UniqueIdentifier>
    </Filter>
  </ItemGroup>
  <ItemGroup>
    <ClInclude Include="Core.h">
      <Filter>Header Files</Filter>
    </ClInclude>
    <ClInclude Include="Exceptions.h">
      <Filter>Header Files</Filter>
    </ClInclude>
    <ClInclude Include="headers\Fwd.h">
      <Filter>Header Files</Filter>
    </ClInclude>
    <ClInclude Include="headers\Natural.h">
      <Filter>Header Files</Filter>
    </ClInclude>
    <ClInclude Include="src\Natural\Natural.h">
      <Filter>Natural</Filter>
    </ClInclude>
    <ClInclude Include="src\Natural\NaturalBase.h">
      <Filter>Natural</Filter>
    </ClInclude>
  </ItemGroup>
</Project>