<?xml version="1.0" encoding="utf-8"?>
<Project ToolsVersion="4.0" xmlns="http://schemas.microsoft.com/developer/msbuild/2003">
  <ItemGroup>
    <Filter Include="Header Files">
      <UniqueIdentifier>{93995380-89BD-4b04-88EB-625FBE52EBFB}</UniqueIdentifier>
      <Extensions>h;hh;hpp;hxx;h++;hm;inl;inc;ipp;xsd</Extensions>
    </Filter>
    <Filter Include="Natural">
      <UniqueIdentifier>{3ca03602-440e-465d-a191-c93ed9add811}</UniqueIdentifier>
    </Filter>
    <Filter Include="Utils">
      <UniqueIdentifier>{73ba5252-8155-4fb0-9c74-48d4ab6bb903}</UniqueIdentifier>
    </Filter>
    <Filter Include="Natural\Multiplication">
      <UniqueIdentifier>{0c21828c-6de2-4d80-a6ac-7ce8e48eb7bf}</UniqueIdentifier>
    </Filter>
    <Filter Include="Natural\Division">
      <UniqueIdentifier>{2f66754a-4554-4474-a0c8-0c6282a78533}</UniqueIdentifier>
    </Filter>
  </ItemGroup>
  <ItemGroup>
    <ClInclude Include="Core.h">
      <Filter>Header Files</Filter>
    </ClInclude>
    <ClInclude Include="Exceptions.h">
      <Filter>Header Files</Filter>
    </ClInclude>
    <ClInclude Include="headers\Fwd.h">
      <Filter>Header Files</Filter>
    </ClInclude>
    <ClInclude Include="headers\Natural.h">
      <Filter>Header Files</Filter>
    </ClInclude>
    <ClInclude Include="src\Natural\Natural.h">
      <Filter>Natural</Filter>
    </ClInclude>
    <ClInclude Include="src\Natural\NaturalBase.h">
      <Filter>Natural</Filter>
    </ClInclude>
    <ClInclude Include="src\Natural\Addition.h">
      <Filter>Natural</Filter>
    </ClInclude>
    <ClInclude Include="src\Utils\Parse.h">
      <Filter>Utils</Filter>
    </ClInclude>
    <ClInclude Include="src\Utils\IsNumericString.h">
      <Filter>Utils</Filter>
    </ClInclude>
    <ClInclude Include="headers\Extern.h">
      <Filter>Header Files</Filter>
    </ClInclude>
    <ClInclude Include="src\Natural\Multiplication.h">
      <Filter>Natural</Filter>
    </ClInclude>
    <ClInclude Include="src\Natural\Ordering.h">
      <Filter>Natural</Filter>
    </ClInclude>
    <ClInclude Include="src\Natural\Subtraction.h">
      <Filter>Natural</Filter>
    </ClInclude>
    <ClInclude Include="src\Natural\Multiplication\Classical.h">
      <Filter>Natural\Multiplication</Filter>
    </ClInclude>
    <ClInclude Include="src\Natural\Multiplication\Karatsuba.h">
      <Filter>Natural\Multiplication</Filter>
    </ClInclude>
    <ClInclude Include="src\Natural\Division.h">
      <Filter>Natural</Filter>
    </ClInclude>
    <ClInclude Include="src\Utils\RadixStrings.h">
      <Filter>Utils</Filter>
    </ClInclude>
    <ClInclude Include="src\Utils\ReverseParse.h">
      <Filter>Utils</Filter>
    </ClInclude>
    <ClInclude Include="src\Natural\Division\NormalizeDivisionArgs.h">
      <Filter>Natural\Division</Filter>
    </ClInclude>
    <ClInclude Include="src\Natural\Division\KnuthDivision.h">
      <Filter>Natural\Division</Filter>
    </ClInclude>
    <ClInclude Include="src\Utils\FitLimbToBase.h">
      <Filter>Utils</Filter>
    </ClInclude>
    <ClInclude Include="src\Natural\Division\DivImpl.h">
      <Filter>Natural\Division</Filter>
    </ClInclude>
    <ClInclude Include="src\Natural\Division\DivModResult.h">
      <Filter>Natural\Division</Filter>
    </ClInclude>
    <ClInclude Include="src\Natural\Modulo.h">
      <Filter>Natural</Filter>
    </ClInclude>
    <ClInclude Include="src\Natural\And.h">
      <Filter>Natural</Filter>
    </ClInclude>
    <ClInclude Include="src\Natural\Or.h">
      <Filter>Natural</Filter>
    </ClInclude>
    <ClInclude Include="src\Natural\Xor.h">
      <Filter>Natural</Filter>
    </ClInclude>
    <ClInclude Include="src\Natural\Not.h">
      <Filter>Natural</Filter>
    </ClInclude>
    <ClInclude Include="src\Natural\LeftShift.h">
      <Filter>Natural</Filter>
    </ClInclude>
    <ClInclude Include="src\Natural\ToULL.h">
      <Filter>Natural</Filter>
    </ClInclude>
    <ClInclude Include="src\Natural\RightShift.h">
      <Filter>Natural</Filter>
    </ClInclude>
    <ClInclude Include="headers\Utils.h">
      <Filter>Header Files</Filter>
    </ClInclude>
    <ClInclude Include="src\Natural\Division\RecursiveDivision.h">
      <Filter>Natural\Division</Filter>
    </ClInclude>
  </ItemGroup>
</Project>