<?xml version="1.0" encoding="utf-8"?>
<Project ToolsVersion="4.0" xmlns="http://schemas.microsoft.com/developer/msbuild/2003">
  <ItemGroup>
    <ClCompile Include="pch.cpp" />
    <ClCompile Include="Array.cpp">
      <Filter>Linear Algebra</Filter>
    </ClCompile>
    <ClCompile Include="Matrix.cpp">
      <Filter>Linear Algebra</Filter>
    </ClCompile>
    <ClCompile Include="Vector.cpp">
      <Filter>Linear Algebra</Filter>
    </ClCompile>
  </ItemGroup>
  <ItemGroup>
    <ClInclude Include="pch.h" />
  </ItemGroup>
  <ItemGroup>
    <Filter Include="Linear Algebra">
      <UniqueIdentifier>{2a25d876-184c-47d9-b2f4-f22035b21c76}</UniqueIdentifier>
    </Filter>
  </ItemGroup>
</Project>